
Microsoft Visual Studio Solution File, Format Version 12.00
# Visual Studio Version 17
VisualStudioVersion = 17.9.34701.34
MinimumVisualStudioVersion = 10.0.40219.1
Project("{FAE04EC0-301F-11D3-BF4B-00C04F79EFBC}") = "Quanlychitieu", "Quanlychitieu\Quanlychitieu.csproj", "{AD729B3D-7F70-4278-83DE-E9724843DAAC}"
EndProject
Global
	GlobalSection(SolutionConfigurationPlatforms) = preSolution
		Debug|Any CPU = Debug|Any CPU
		Release|Any CPU = Release|Any CPU
	EndGlobalSection
	GlobalSection(ProjectConfigurationPlatforms) = postSolution
		{AD729B3D-7F70-4278-83DE-E9724843DAAC}.Debug|Any CPU.ActiveCfg = Debug|Any CPU
		{AD729B3D-7F70-4278-83DE-E9724843DAAC}.Debug|Any CPU.Build.0 = Debug|Any CPU
		{AD729B3D-7F70-4278-83DE-E9724843DAAC}.Debug|Any CPU.Deploy.0 = Debug|Any CPU
		{AD729B3D-7F70-4278-83DE-E9724843DAAC}.Release|Any CPU.ActiveCfg = Release|Any CPU
		{AD729B3D-7F70-4278-83DE-E9724843DAAC}.Release|Any CPU.Build.0 = Release|Any CPU
		{AD729B3D-7F70-4278-83DE-E9724843DAAC}.Release|Any CPU.Deploy.0 = Release|Any CPU
	EndGlobalSection
	GlobalSection(SolutionProperties) = preSolution
		HideSolutionNode = FALSE
	EndGlobalSection
	GlobalSection(ExtensibilityGlobals) = postSolution
		SolutionGuid = {03557809-E156-421A-BFDA-23AC1FA2D6AC}
	EndGlobalSection
EndGlobal
